// !$*UTF8*$!
{
	archiveVersion = 1;
	classes = {
	};
	objectVersion = 56;
	objects = {

/* Begin PBXBuildFile section */
		19AF13A67764D4338A583C86 /* Pods_referencemsal_referencemsalUITests.framework in Frameworks */ = {isa = PBXBuildFile; fileRef = A6904B0D0256B6B515800176 /* Pods_referencemsal_referencemsalUITests.framework */; };
		7B52BB3AEECE01D88DE9FE67 /* Pods_referencemsalTests.framework in Frameworks */ = {isa = PBXBuildFile; fileRef = F1E1216275C7952A54D66C0C /* Pods_referencemsalTests.framework */; };
		BF73AA6B75F4E95C4F716432 /* Pods_referencemsal.framework in Frameworks */ = {isa = PBXBuildFile; fileRef = 4DD8796426206000921D8A48 /* Pods_referencemsal.framework */; };
		C383DBE6299352E100069FE6 /* AppDelegate.swift in Sources */ = {isa = PBXBuildFile; fileRef = C383DBE5299352E100069FE6 /* AppDelegate.swift */; };
		C383DBE8299352E100069FE6 /* SceneDelegate.swift in Sources */ = {isa = PBXBuildFile; fileRef = C383DBE7299352E100069FE6 /* SceneDelegate.swift */; };
		C383DBEA299352E100069FE6 /* ViewController.swift in Sources */ = {isa = PBXBuildFile; fileRef = C383DBE9299352E100069FE6 /* ViewController.swift */; };
		C383DBED299352E100069FE6 /* Main.storyboard in Resources */ = {isa = PBXBuildFile; fileRef = C383DBEB299352E100069FE6 /* Main.storyboard */; };
		C383DBEF299352E300069FE6 /* Assets.xcassets in Resources */ = {isa = PBXBuildFile; fileRef = C383DBEE299352E300069FE6 /* Assets.xcassets */; };
		C383DBF2299352E300069FE6 /* LaunchScreen.storyboard in Resources */ = {isa = PBXBuildFile; fileRef = C383DBF0299352E300069FE6 /* LaunchScreen.storyboard */; };
		C383DBFD299352E300069FE6 /* referencemsalTests.swift in Sources */ = {isa = PBXBuildFile; fileRef = C383DBFC299352E300069FE6 /* referencemsalTests.swift */; };
		C383DC07299352E300069FE6 /* referencemsalUITests.swift in Sources */ = {isa = PBXBuildFile; fileRef = C383DC06299352E300069FE6 /* referencemsalUITests.swift */; };
		C383DC09299352E300069FE6 /* referencemsalUITestsLaunchTests.swift in Sources */ = {isa = PBXBuildFile; fileRef = C383DC08299352E300069FE6 /* referencemsalUITestsLaunchTests.swift */; };
/* End PBXBuildFile section */

/* Begin PBXContainerItemProxy section */
		C383DBF9299352E300069FE6 /* PBXContainerItemProxy */ = {
			isa = PBXContainerItemProxy;
			containerPortal = C383DBDA299352E100069FE6 /* Project object */;
			proxyType = 1;
			remoteGlobalIDString = C383DBE1299352E100069FE6;
			remoteInfo = referencemsal;
		};
		C383DC03299352E300069FE6 /* PBXContainerItemProxy */ = {
			isa = PBXContainerItemProxy;
			containerPortal = C383DBDA299352E100069FE6 /* Project object */;
			proxyType = 1;
			remoteGlobalIDString = C383DBE1299352E100069FE6;
			remoteInfo = referencemsal;
		};
/* End PBXContainerItemProxy section */

/* Begin PBXFileReference section */
		0FC5DC8340E51B76E6B8FA9D /* Pods-referencemsalTests.release.xcconfig */ = {isa = PBXFileReference; includeInIndex = 1; lastKnownFileType = text.xcconfig; name = "Pods-referencemsalTests.release.xcconfig"; path = "Target Support Files/Pods-referencemsalTests/Pods-referencemsalTests.release.xcconfig"; sourceTree = "<group>"; };
		4ACC79F4D16398819BFD7F45 /* Pods-referencemsal-referencemsalUITests.debug.xcconfig */ = {isa = PBXFileReference; includeInIndex = 1; lastKnownFileType = text.xcconfig; name = "Pods-referencemsal-referencemsalUITests.debug.xcconfig"; path = "Target Support Files/Pods-referencemsal-referencemsalUITests/Pods-referencemsal-referencemsalUITests.debug.xcconfig"; sourceTree = "<group>"; };
		4DD8796426206000921D8A48 /* Pods_referencemsal.framework */ = {isa = PBXFileReference; explicitFileType = wrapper.framework; includeInIndex = 0; path = Pods_referencemsal.framework; sourceTree = BUILT_PRODUCTS_DIR; };
		6D63D48A532F1C6A4B15E1C9 /* Pods-referencemsal.release.xcconfig */ = {isa = PBXFileReference; includeInIndex = 1; lastKnownFileType = text.xcconfig; name = "Pods-referencemsal.release.xcconfig"; path = "Target Support Files/Pods-referencemsal/Pods-referencemsal.release.xcconfig"; sourceTree = "<group>"; };
		811734D019CF040F4E1B8FF3 /* Pods-referencemsalTests.debug.xcconfig */ = {isa = PBXFileReference; includeInIndex = 1; lastKnownFileType = text.xcconfig; name = "Pods-referencemsalTests.debug.xcconfig"; path = "Target Support Files/Pods-referencemsalTests/Pods-referencemsalTests.debug.xcconfig"; sourceTree = "<group>"; };
		A6904B0D0256B6B515800176 /* Pods_referencemsal_referencemsalUITests.framework */ = {isa = PBXFileReference; explicitFileType = wrapper.framework; includeInIndex = 0; path = Pods_referencemsal_referencemsalUITests.framework; sourceTree = BUILT_PRODUCTS_DIR; };
		AEE054363F14EA0DC3F3FF04 /* Pods-referencemsal.debug.xcconfig */ = {isa = PBXFileReference; includeInIndex = 1; lastKnownFileType = text.xcconfig; name = "Pods-referencemsal.debug.xcconfig"; path = "Target Support Files/Pods-referencemsal/Pods-referencemsal.debug.xcconfig"; sourceTree = "<group>"; };
		C383DBE2299352E100069FE6 /* referencemsal.app */ = {isa = PBXFileReference; explicitFileType = wrapper.application; includeInIndex = 0; path = referencemsal.app; sourceTree = BUILT_PRODUCTS_DIR; };
		C383DBE5299352E100069FE6 /* AppDelegate.swift */ = {isa = PBXFileReference; lastKnownFileType = sourcecode.swift; path = AppDelegate.swift; sourceTree = "<group>"; };
		C383DBE7299352E100069FE6 /* SceneDelegate.swift */ = {isa = PBXFileReference; lastKnownFileType = sourcecode.swift; path = SceneDelegate.swift; sourceTree = "<group>"; };
		C383DBE9299352E100069FE6 /* ViewController.swift */ = {isa = PBXFileReference; lastKnownFileType = sourcecode.swift; path = ViewController.swift; sourceTree = "<group>"; };
		C383DBEC299352E100069FE6 /* Base */ = {isa = PBXFileReference; lastKnownFileType = file.storyboard; name = Base; path = Base.lproj/Main.storyboard; sourceTree = "<group>"; };
		C383DBEE299352E300069FE6 /* Assets.xcassets */ = {isa = PBXFileReference; lastKnownFileType = folder.assetcatalog; path = Assets.xcassets; sourceTree = "<group>"; };
		C383DBF1299352E300069FE6 /* Base */ = {isa = PBXFileReference; lastKnownFileType = file.storyboard; name = Base; path = Base.lproj/LaunchScreen.storyboard; sourceTree = "<group>"; };
		C383DBF3299352E300069FE6 /* Info.plist */ = {isa = PBXFileReference; lastKnownFileType = text.plist.xml; path = Info.plist; sourceTree = "<group>"; };
		C383DBF8299352E300069FE6 /* referencemsalTests.xctest */ = {isa = PBXFileReference; explicitFileType = wrapper.cfbundle; includeInIndex = 0; path = referencemsalTests.xctest; sourceTree = BUILT_PRODUCTS_DIR; };
		C383DBFC299352E300069FE6 /* referencemsalTests.swift */ = {isa = PBXFileReference; lastKnownFileType = sourcecode.swift; path = referencemsalTests.swift; sourceTree = "<group>"; };
		C383DC02299352E300069FE6 /* referencemsalUITests.xctest */ = {isa = PBXFileReference; explicitFileType = wrapper.cfbundle; includeInIndex = 0; path = referencemsalUITests.xctest; sourceTree = BUILT_PRODUCTS_DIR; };
		C383DC06299352E300069FE6 /* referencemsalUITests.swift */ = {isa = PBXFileReference; lastKnownFileType = sourcecode.swift; path = referencemsalUITests.swift; sourceTree = "<group>"; };
		C383DC08299352E300069FE6 /* referencemsalUITestsLaunchTests.swift */ = {isa = PBXFileReference; lastKnownFileType = sourcecode.swift; path = referencemsalUITestsLaunchTests.swift; sourceTree = "<group>"; };
		C5B7CAB754F0834799150861 /* Pods-referencemsal-referencemsalUITests.release.xcconfig */ = {isa = PBXFileReference; includeInIndex = 1; lastKnownFileType = text.xcconfig; name = "Pods-referencemsal-referencemsalUITests.release.xcconfig"; path = "Target Support Files/Pods-referencemsal-referencemsalUITests/Pods-referencemsal-referencemsalUITests.release.xcconfig"; sourceTree = "<group>"; };
		F1E1216275C7952A54D66C0C /* Pods_referencemsalTests.framework */ = {isa = PBXFileReference; explicitFileType = wrapper.framework; includeInIndex = 0; path = Pods_referencemsalTests.framework; sourceTree = BUILT_PRODUCTS_DIR; };
/* End PBXFileReference section */

/* Begin PBXFrameworksBuildPhase section */
		C383DBDF299352E100069FE6 /* Frameworks */ = {
			isa = PBXFrameworksBuildPhase;
			buildActionMask = 2147483647;
			files = (
				BF73AA6B75F4E95C4F716432 /* Pods_referencemsal.framework in Frameworks */,
			);
			runOnlyForDeploymentPostprocessing = 0;
		};
		C383DBF5299352E300069FE6 /* Frameworks */ = {
			isa = PBXFrameworksBuildPhase;
			buildActionMask = 2147483647;
			files = (
				7B52BB3AEECE01D88DE9FE67 /* Pods_referencemsalTests.framework in Frameworks */,
			);
			runOnlyForDeploymentPostprocessing = 0;
		};
		C383DBFF299352E300069FE6 /* Frameworks */ = {
			isa = PBXFrameworksBuildPhase;
			buildActionMask = 2147483647;
			files = (
				19AF13A67764D4338A583C86 /* Pods_referencemsal_referencemsalUITests.framework in Frameworks */,
			);
			runOnlyForDeploymentPostprocessing = 0;
		};
/* End PBXFrameworksBuildPhase section */

/* Begin PBXGroup section */
		53940FFB7DFEC52DF547CECF /* Pods */ = {
			isa = PBXGroup;
			children = (
				AEE054363F14EA0DC3F3FF04 /* Pods-referencemsal.debug.xcconfig */,
				6D63D48A532F1C6A4B15E1C9 /* Pods-referencemsal.release.xcconfig */,
				4ACC79F4D16398819BFD7F45 /* Pods-referencemsal-referencemsalUITests.debug.xcconfig */,
				C5B7CAB754F0834799150861 /* Pods-referencemsal-referencemsalUITests.release.xcconfig */,
				811734D019CF040F4E1B8FF3 /* Pods-referencemsalTests.debug.xcconfig */,
				0FC5DC8340E51B76E6B8FA9D /* Pods-referencemsalTests.release.xcconfig */,
			);
			path = Pods;
			sourceTree = "<group>";
		};
		641AF01A14980DAC466756A6 /* Frameworks */ = {
			isa = PBXGroup;
			children = (
				4DD8796426206000921D8A48 /* Pods_referencemsal.framework */,
				A6904B0D0256B6B515800176 /* Pods_referencemsal_referencemsalUITests.framework */,
				F1E1216275C7952A54D66C0C /* Pods_referencemsalTests.framework */,
			);
			name = Frameworks;
			sourceTree = "<group>";
		};
		C383DBD9299352E100069FE6 = {
			isa = PBXGroup;
			children = (
				C383DBE4299352E100069FE6 /* referencemsal */,
				C383DBFB299352E300069FE6 /* referencemsalTests */,
				C383DC05299352E300069FE6 /* referencemsalUITests */,
				C383DBE3299352E100069FE6 /* Products */,
				53940FFB7DFEC52DF547CECF /* Pods */,
				641AF01A14980DAC466756A6 /* Frameworks */,
			);
			sourceTree = "<group>";
		};
		C383DBE3299352E100069FE6 /* Products */ = {
			isa = PBXGroup;
			children = (
				C383DBE2299352E100069FE6 /* referencemsal.app */,
				C383DBF8299352E300069FE6 /* referencemsalTests.xctest */,
				C383DC02299352E300069FE6 /* referencemsalUITests.xctest */,
			);
			name = Products;
			sourceTree = "<group>";
		};
		C383DBE4299352E100069FE6 /* referencemsal */ = {
			isa = PBXGroup;
			children = (
				C383DBE5299352E100069FE6 /* AppDelegate.swift */,
				C383DBE7299352E100069FE6 /* SceneDelegate.swift */,
				C383DBE9299352E100069FE6 /* ViewController.swift */,
				C383DBEB299352E100069FE6 /* Main.storyboard */,
				C383DBEE299352E300069FE6 /* Assets.xcassets */,
				C383DBF0299352E300069FE6 /* LaunchScreen.storyboard */,
				C383DBF3299352E300069FE6 /* Info.plist */,
			);
			path = referencemsal;
			sourceTree = "<group>";
		};
		C383DBFB299352E300069FE6 /* referencemsalTests */ = {
			isa = PBXGroup;
			children = (
				C383DBFC299352E300069FE6 /* referencemsalTests.swift */,
			);
			path = referencemsalTests;
			sourceTree = "<group>";
		};
		C383DC05299352E300069FE6 /* referencemsalUITests */ = {
			isa = PBXGroup;
			children = (
				C383DC06299352E300069FE6 /* referencemsalUITests.swift */,
				C383DC08299352E300069FE6 /* referencemsalUITestsLaunchTests.swift */,
			);
			path = referencemsalUITests;
			sourceTree = "<group>";
		};
/* End PBXGroup section */

/* Begin PBXNativeTarget section */
		C383DBE1299352E100069FE6 /* referencemsal */ = {
			isa = PBXNativeTarget;
			buildConfigurationList = C383DC0C299352E300069FE6 /* Build configuration list for PBXNativeTarget "referencemsal" */;
			buildPhases = (
				9A5F0E2C16AA80F701F7A5F8 /* [CP] Check Pods Manifest.lock */,
				C383DBDE299352E100069FE6 /* Sources */,
				C383DBDF299352E100069FE6 /* Frameworks */,
				C383DBE0299352E100069FE6 /* Resources */,
			);
			buildRules = (
			);
			dependencies = (
			);
			name = referencemsal;
			productName = referencemsal;
			productReference = C383DBE2299352E100069FE6 /* referencemsal.app */;
			productType = "com.apple.product-type.application";
		};
		C383DBF7299352E300069FE6 /* referencemsalTests */ = {
			isa = PBXNativeTarget;
			buildConfigurationList = C383DC0F299352E300069FE6 /* Build configuration list for PBXNativeTarget "referencemsalTests" */;
			buildPhases = (
				DB34BA83CE925E57779EC87F /* [CP] Check Pods Manifest.lock */,
				C383DBF4299352E300069FE6 /* Sources */,
				C383DBF5299352E300069FE6 /* Frameworks */,
				C383DBF6299352E300069FE6 /* Resources */,
			);
			buildRules = (
			);
			dependencies = (
				C383DBFA299352E300069FE6 /* PBXTargetDependency */,
			);
			name = referencemsalTests;
			productName = referencemsalTests;
			productReference = C383DBF8299352E300069FE6 /* referencemsalTests.xctest */;
			productType = "com.apple.product-type.bundle.unit-test";
		};
		C383DC01299352E300069FE6 /* referencemsalUITests */ = {
			isa = PBXNativeTarget;
			buildConfigurationList = C383DC12299352E300069FE6 /* Build configuration list for PBXNativeTarget "referencemsalUITests" */;
			buildPhases = (
				8DAE56A06B313373468BAA19 /* [CP] Check Pods Manifest.lock */,
				C383DBFE299352E300069FE6 /* Sources */,
				C383DBFF299352E300069FE6 /* Frameworks */,
				C383DC00299352E300069FE6 /* Resources */,
			);
			buildRules = (
			);
			dependencies = (
				C383DC04299352E300069FE6 /* PBXTargetDependency */,
			);
			name = referencemsalUITests;
			productName = referencemsalUITests;
			productReference = C383DC02299352E300069FE6 /* referencemsalUITests.xctest */;
			productType = "com.apple.product-type.bundle.ui-testing";
		};
/* End PBXNativeTarget section */

/* Begin PBXProject section */
		C383DBDA299352E100069FE6 /* Project object */ = {
			isa = PBXProject;
			attributes = {
				BuildIndependentTargetsInParallel = 1;
				LastSwiftUpdateCheck = 1410;
				LastUpgradeCheck = 1410;
				TargetAttributes = {
					C383DBE1299352E100069FE6 = {
						CreatedOnToolsVersion = 14.1;
					};
					C383DBF7299352E300069FE6 = {
						CreatedOnToolsVersion = 14.1;
						TestTargetID = C383DBE1299352E100069FE6;
					};
					C383DC01299352E300069FE6 = {
						CreatedOnToolsVersion = 14.1;
						TestTargetID = C383DBE1299352E100069FE6;
					};
				};
			};
			buildConfigurationList = C383DBDD299352E100069FE6 /* Build configuration list for PBXProject "referencemsal" */;
			compatibilityVersion = "Xcode 14.0";
			developmentRegion = en;
			hasScannedForEncodings = 0;
			knownRegions = (
				en,
				Base,
			);
			mainGroup = C383DBD9299352E100069FE6;
			productRefGroup = C383DBE3299352E100069FE6 /* Products */;
			projectDirPath = "";
			projectRoot = "";
			targets = (
				C383DBE1299352E100069FE6 /* referencemsal */,
				C383DBF7299352E300069FE6 /* referencemsalTests */,
				C383DC01299352E300069FE6 /* referencemsalUITests */,
			);
		};
/* End PBXProject section */

/* Begin PBXResourcesBuildPhase section */
		C383DBE0299352E100069FE6 /* Resources */ = {
			isa = PBXResourcesBuildPhase;
			buildActionMask = 2147483647;
			files = (
				C383DBF2299352E300069FE6 /* LaunchScreen.storyboard in Resources */,
				C383DBEF299352E300069FE6 /* Assets.xcassets in Resources */,
				C383DBED299352E100069FE6 /* Main.storyboard in Resources */,
			);
			runOnlyForDeploymentPostprocessing = 0;
		};
		C383DBF6299352E300069FE6 /* Resources */ = {
			isa = PBXResourcesBuildPhase;
			buildActionMask = 2147483647;
			files = (
			);
			runOnlyForDeploymentPostprocessing = 0;
		};
		C383DC00299352E300069FE6 /* Resources */ = {
			isa = PBXResourcesBuildPhase;
			buildActionMask = 2147483647;
			files = (
			);
			runOnlyForDeploymentPostprocessing = 0;
		};
/* End PBXResourcesBuildPhase section */

/* Begin PBXShellScriptBuildPhase section */
		8DAE56A06B313373468BAA19 /* [CP] Check Pods Manifest.lock */ = {
			isa = PBXShellScriptBuildPhase;
			buildActionMask = 2147483647;
			files = (
			);
			inputFileListPaths = (
			);
			inputPaths = (
				"${PODS_PODFILE_DIR_PATH}/Podfile.lock",
				"${PODS_ROOT}/Manifest.lock",
			);
			name = "[CP] Check Pods Manifest.lock";
			outputFileListPaths = (
			);
			outputPaths = (
				"$(DERIVED_FILE_DIR)/Pods-referencemsal-referencemsalUITests-checkManifestLockResult.txt",
			);
			runOnlyForDeploymentPostprocessing = 0;
			shellPath = /bin/sh;
			shellScript = "diff \"${PODS_PODFILE_DIR_PATH}/Podfile.lock\" \"${PODS_ROOT}/Manifest.lock\" > /dev/null\nif [ $? != 0 ] ; then\n    # print error to STDERR\n    echo \"error: The sandbox is not in sync with the Podfile.lock. Run 'pod install' or update your CocoaPods installation.\" >&2\n    exit 1\nfi\n# This output is used by Xcode 'outputs' to avoid re-running this script phase.\necho \"SUCCESS\" > \"${SCRIPT_OUTPUT_FILE_0}\"\n";
			showEnvVarsInLog = 0;
		};
		9A5F0E2C16AA80F701F7A5F8 /* [CP] Check Pods Manifest.lock */ = {
			isa = PBXShellScriptBuildPhase;
			buildActionMask = 2147483647;
			files = (
			);
			inputFileListPaths = (
			);
			inputPaths = (
				"${PODS_PODFILE_DIR_PATH}/Podfile.lock",
				"${PODS_ROOT}/Manifest.lock",
			);
			name = "[CP] Check Pods Manifest.lock";
			outputFileListPaths = (
			);
			outputPaths = (
				"$(DERIVED_FILE_DIR)/Pods-referencemsal-checkManifestLockResult.txt",
			);
			runOnlyForDeploymentPostprocessing = 0;
			shellPath = /bin/sh;
			shellScript = "diff \"${PODS_PODFILE_DIR_PATH}/Podfile.lock\" \"${PODS_ROOT}/Manifest.lock\" > /dev/null\nif [ $? != 0 ] ; then\n    # print error to STDERR\n    echo \"error: The sandbox is not in sync with the Podfile.lock. Run 'pod install' or update your CocoaPods installation.\" >&2\n    exit 1\nfi\n# This output is used by Xcode 'outputs' to avoid re-running this script phase.\necho \"SUCCESS\" > \"${SCRIPT_OUTPUT_FILE_0}\"\n";
			showEnvVarsInLog = 0;
		};
		DB34BA83CE925E57779EC87F /* [CP] Check Pods Manifest.lock */ = {
			isa = PBXShellScriptBuildPhase;
			buildActionMask = 2147483647;
			files = (
			);
			inputFileListPaths = (
			);
			inputPaths = (
				"${PODS_PODFILE_DIR_PATH}/Podfile.lock",
				"${PODS_ROOT}/Manifest.lock",
			);
			name = "[CP] Check Pods Manifest.lock";
			outputFileListPaths = (
			);
			outputPaths = (
				"$(DERIVED_FILE_DIR)/Pods-referencemsalTests-checkManifestLockResult.txt",
			);
			runOnlyForDeploymentPostprocessing = 0;
			shellPath = /bin/sh;
			shellScript = "diff \"${PODS_PODFILE_DIR_PATH}/Podfile.lock\" \"${PODS_ROOT}/Manifest.lock\" > /dev/null\nif [ $? != 0 ] ; then\n    # print error to STDERR\n    echo \"error: The sandbox is not in sync with the Podfile.lock. Run 'pod install' or update your CocoaPods installation.\" >&2\n    exit 1\nfi\n# This output is used by Xcode 'outputs' to avoid re-running this script phase.\necho \"SUCCESS\" > \"${SCRIPT_OUTPUT_FILE_0}\"\n";
			showEnvVarsInLog = 0;
		};
/* End PBXShellScriptBuildPhase section */

/* Begin PBXSourcesBuildPhase section */
		C383DBDE299352E100069FE6 /* Sources */ = {
			isa = PBXSourcesBuildPhase;
			buildActionMask = 2147483647;
			files = (
				C383DBEA299352E100069FE6 /* ViewController.swift in Sources */,
				C383DBE6299352E100069FE6 /* AppDelegate.swift in Sources */,
				C383DBE8299352E100069FE6 /* SceneDelegate.swift in Sources */,
			);
			runOnlyForDeploymentPostprocessing = 0;
		};
		C383DBF4299352E300069FE6 /* Sources */ = {
			isa = PBXSourcesBuildPhase;
			buildActionMask = 2147483647;
			files = (
				C383DBFD299352E300069FE6 /* referencemsalTests.swift in Sources */,
			);
			runOnlyForDeploymentPostprocessing = 0;
		};
		C383DBFE299352E300069FE6 /* Sources */ = {
			isa = PBXSourcesBuildPhase;
			buildActionMask = 2147483647;
			files = (
				C383DC07299352E300069FE6 /* referencemsalUITests.swift in Sources */,
				C383DC09299352E300069FE6 /* referencemsalUITestsLaunchTests.swift in Sources */,
			);
			runOnlyForDeploymentPostprocessing = 0;
		};
/* End PBXSourcesBuildPhase section */

/* Begin PBXTargetDependency section */
		C383DBFA299352E300069FE6 /* PBXTargetDependency */ = {
			isa = PBXTargetDependency;
			target = C383DBE1299352E100069FE6 /* referencemsal */;
			targetProxy = C383DBF9299352E300069FE6 /* PBXContainerItemProxy */;
		};
		C383DC04299352E300069FE6 /* PBXTargetDependency */ = {
			isa = PBXTargetDependency;
			target = C383DBE1299352E100069FE6 /* referencemsal */;
			targetProxy = C383DC03299352E300069FE6 /* PBXContainerItemProxy */;
		};
/* End PBXTargetDependency section */

/* Begin PBXVariantGroup section */
		C383DBEB299352E100069FE6 /* Main.storyboard */ = {
			isa = PBXVariantGroup;
			children = (
				C383DBEC299352E100069FE6 /* Base */,
			);
			name = Main.storyboard;
			sourceTree = "<group>";
		};
		C383DBF0299352E300069FE6 /* LaunchScreen.storyboard */ = {
			isa = PBXVariantGroup;
			children = (
				C383DBF1299352E300069FE6 /* Base */,
			);
			name = LaunchScreen.storyboard;
			sourceTree = "<group>";
		};
/* End PBXVariantGroup section */

/* Begin XCBuildConfiguration section */
		C383DC0A299352E300069FE6 /* Debug */ = {
			isa = XCBuildConfiguration;
			buildSettings = {
				ALWAYS_SEARCH_USER_PATHS = NO;
				CLANG_ANALYZER_NONNULL = YES;
				CLANG_ANALYZER_NUMBER_OBJECT_CONVERSION = YES_AGGRESSIVE;
				CLANG_CXX_LANGUAGE_STANDARD = "gnu++20";
				CLANG_ENABLE_MODULES = YES;
				CLANG_ENABLE_OBJC_ARC = YES;
				CLANG_ENABLE_OBJC_WEAK = YES;
				CLANG_WARN_BLOCK_CAPTURE_AUTORELEASING = YES;
				CLANG_WARN_BOOL_CONVERSION = YES;
				CLANG_WARN_COMMA = YES;
				CLANG_WARN_CONSTANT_CONVERSION = YES;
				CLANG_WARN_DEPRECATED_OBJC_IMPLEMENTATIONS = YES;
				CLANG_WARN_DIRECT_OBJC_ISA_USAGE = YES_ERROR;
				CLANG_WARN_DOCUMENTATION_COMMENTS = YES;
				CLANG_WARN_EMPTY_BODY = YES;
				CLANG_WARN_ENUM_CONVERSION = YES;
				CLANG_WARN_INFINITE_RECURSION = YES;
				CLANG_WARN_INT_CONVERSION = YES;
				CLANG_WARN_NON_LITERAL_NULL_CONVERSION = YES;
				CLANG_WARN_OBJC_IMPLICIT_RETAIN_SELF = YES;
				CLANG_WARN_OBJC_LITERAL_CONVERSION = YES;
				CLANG_WARN_OBJC_ROOT_CLASS = YES_ERROR;
				CLANG_WARN_QUOTED_INCLUDE_IN_FRAMEWORK_HEADER = YES;
				CLANG_WARN_RANGE_LOOP_ANALYSIS = YES;
				CLANG_WARN_STRICT_PROTOTYPES = YES;
				CLANG_WARN_SUSPICIOUS_MOVE = YES;
				CLANG_WARN_UNGUARDED_AVAILABILITY = YES_AGGRESSIVE;
				CLANG_WARN_UNREACHABLE_CODE = YES;
				CLANG_WARN__DUPLICATE_METHOD_MATCH = YES;
				COPY_PHASE_STRIP = NO;
				DEBUG_INFORMATION_FORMAT = dwarf;
				ENABLE_STRICT_OBJC_MSGSEND = YES;
				ENABLE_TESTABILITY = YES;
				GCC_C_LANGUAGE_STANDARD = gnu11;
				GCC_DYNAMIC_NO_PIC = NO;
				GCC_NO_COMMON_BLOCKS = YES;
				GCC_OPTIMIZATION_LEVEL = 0;
				GCC_PREPROCESSOR_DEFINITIONS = (
					"DEBUG=1",
					"$(inherited)",
				);
				GCC_WARN_64_TO_32_BIT_CONVERSION = YES;
				GCC_WARN_ABOUT_RETURN_TYPE = YES_ERROR;
				GCC_WARN_UNDECLARED_SELECTOR = YES;
				GCC_WARN_UNINITIALIZED_AUTOS = YES_AGGRESSIVE;
				GCC_WARN_UNUSED_FUNCTION = YES;
				GCC_WARN_UNUSED_VARIABLE = YES;
				IPHONEOS_DEPLOYMENT_TARGET = 16.1;
				MTL_ENABLE_DEBUG_INFO = INCLUDE_SOURCE;
				MTL_FAST_MATH = YES;
				ONLY_ACTIVE_ARCH = YES;
				SDKROOT = iphoneos;
				SWIFT_ACTIVE_COMPILATION_CONDITIONS = DEBUG;
				SWIFT_OPTIMIZATION_LEVEL = "-Onone";
			};
			name = Debug;
		};
		C383DC0B299352E300069FE6 /* Release */ = {
			isa = XCBuildConfiguration;
			buildSettings = {
				ALWAYS_SEARCH_USER_PATHS = NO;
				CLANG_ANALYZER_NONNULL = YES;
				CLANG_ANALYZER_NUMBER_OBJECT_CONVERSION = YES_AGGRESSIVE;
				CLANG_CXX_LANGUAGE_STANDARD = "gnu++20";
				CLANG_ENABLE_MODULES = YES;
				CLANG_ENABLE_OBJC_ARC = YES;
				CLANG_ENABLE_OBJC_WEAK = YES;
				CLANG_WARN_BLOCK_CAPTURE_AUTORELEASING = YES;
				CLANG_WARN_BOOL_CONVERSION = YES;
				CLANG_WARN_COMMA = YES;
				CLANG_WARN_CONSTANT_CONVERSION = YES;
				CLANG_WARN_DEPRECATED_OBJC_IMPLEMENTATIONS = YES;
				CLANG_WARN_DIRECT_OBJC_ISA_USAGE = YES_ERROR;
				CLANG_WARN_DOCUMENTATION_COMMENTS = YES;
				CLANG_WARN_EMPTY_BODY = YES;
				CLANG_WARN_ENUM_CONVERSION = YES;
				CLANG_WARN_INFINITE_RECURSION = YES;
				CLANG_WARN_INT_CONVERSION = YES;
				CLANG_WARN_NON_LITERAL_NULL_CONVERSION = YES;
				CLANG_WARN_OBJC_IMPLICIT_RETAIN_SELF = YES;
				CLANG_WARN_OBJC_LITERAL_CONVERSION = YES;
				CLANG_WARN_OBJC_ROOT_CLASS = YES_ERROR;
				CLANG_WARN_QUOTED_INCLUDE_IN_FRAMEWORK_HEADER = YES;
				CLANG_WARN_RANGE_LOOP_ANALYSIS = YES;
				CLANG_WARN_STRICT_PROTOTYPES = YES;
				CLANG_WARN_SUSPICIOUS_MOVE = YES;
				CLANG_WARN_UNGUARDED_AVAILABILITY = YES_AGGRESSIVE;
				CLANG_WARN_UNREACHABLE_CODE = YES;
				CLANG_WARN__DUPLICATE_METHOD_MATCH = YES;
				COPY_PHASE_STRIP = NO;
				DEBUG_INFORMATION_FORMAT = "dwarf-with-dsym";
				ENABLE_NS_ASSERTIONS = NO;
				ENABLE_STRICT_OBJC_MSGSEND = YES;
				GCC_C_LANGUAGE_STANDARD = gnu11;
				GCC_NO_COMMON_BLOCKS = YES;
				GCC_WARN_64_TO_32_BIT_CONVERSION = YES;
				GCC_WARN_ABOUT_RETURN_TYPE = YES_ERROR;
				GCC_WARN_UNDECLARED_SELECTOR = YES;
				GCC_WARN_UNINITIALIZED_AUTOS = YES_AGGRESSIVE;
				GCC_WARN_UNUSED_FUNCTION = YES;
				GCC_WARN_UNUSED_VARIABLE = YES;
				IPHONEOS_DEPLOYMENT_TARGET = 16.1;
				MTL_ENABLE_DEBUG_INFO = NO;
				MTL_FAST_MATH = YES;
				SDKROOT = iphoneos;
				SWIFT_COMPILATION_MODE = wholemodule;
				SWIFT_OPTIMIZATION_LEVEL = "-O";
				VALIDATE_PRODUCT = YES;
			};
			name = Release;
		};
		C383DC0D299352E300069FE6 /* Debug */ = {
			isa = XCBuildConfiguration;
			baseConfigurationReference = AEE054363F14EA0DC3F3FF04 /* Pods-referencemsal.debug.xcconfig */;
			buildSettings = {
				ASSETCATALOG_COMPILER_APPICON_NAME = AppIcon;
				ASSETCATALOG_COMPILER_GLOBAL_ACCENT_COLOR_NAME = AccentColor;
				"CODE_SIGN_IDENTITY[sdk=iphoneos*]" = "iPhone Distribution";
				CODE_SIGN_STYLE = Manual;
				CURRENT_PROJECT_VERSION = 1;
				DEVELOPMENT_TEAM = "";
				"DEVELOPMENT_TEAM[sdk=iphoneos*]" = C5QVF8U483;
				GENERATE_INFOPLIST_FILE = YES;
				INFOPLIST_FILE = referencemsal/Info.plist;
				INFOPLIST_KEY_UIApplicationSupportsIndirectInputEvents = YES;
				INFOPLIST_KEY_UILaunchStoryboardName = LaunchScreen;
				INFOPLIST_KEY_UIMainStoryboardFile = Main;
				INFOPLIST_KEY_UISupportedInterfaceOrientations_iPad = "UIInterfaceOrientationPortrait UIInterfaceOrientationPortraitUpsideDown UIInterfaceOrientationLandscapeLeft UIInterfaceOrientationLandscapeRight";
				INFOPLIST_KEY_UISupportedInterfaceOrientations_iPhone = "UIInterfaceOrientationPortrait UIInterfaceOrientationLandscapeLeft UIInterfaceOrientationLandscapeRight";
				IPHONEOS_DEPLOYMENT_TARGET = 15.0;
				LD_RUNPATH_SEARCH_PATHS = (
					"$(inherited)",
					"@executable_path/Frameworks",
				);
				MARKETING_VERSION = 1.0;
				PRODUCT_BUNDLE_IDENTIFIER = com.eygsl.cbs.referencemsal;
				PRODUCT_NAME = "$(TARGET_NAME)";
				PROVISIONING_PROFILE_SPECIFIER = "";
				"PROVISIONING_PROFILE_SPECIFIER[sdk=iphoneos*]" = ReferenceMSAL;
				SWIFT_EMIT_LOC_STRINGS = YES;
				SWIFT_VERSION = 5.0;
				TARGETED_DEVICE_FAMILY = "1,2";
			};
			name = Debug;
		};
		C383DC0E299352E300069FE6 /* Release */ = {
			isa = XCBuildConfiguration;
			baseConfigurationReference = 6D63D48A532F1C6A4B15E1C9 /* Pods-referencemsal.release.xcconfig */;
			buildSettings = {
				ASSETCATALOG_COMPILER_APPICON_NAME = AppIcon;
				ASSETCATALOG_COMPILER_GLOBAL_ACCENT_COLOR_NAME = AccentColor;
				"CODE_SIGN_IDENTITY[sdk=iphoneos*]" = "iPhone Distribution";
				CODE_SIGN_STYLE = Manual;
				CURRENT_PROJECT_VERSION = 1;
				DEVELOPMENT_TEAM = "";
				"DEVELOPMENT_TEAM[sdk=iphoneos*]" = C5QVF8U483;
				GENERATE_INFOPLIST_FILE = YES;
				INFOPLIST_FILE = referencemsal/Info.plist;
				INFOPLIST_KEY_UIApplicationSupportsIndirectInputEvents = YES;
				INFOPLIST_KEY_UILaunchStoryboardName = LaunchScreen;
				INFOPLIST_KEY_UIMainStoryboardFile = Main;
				INFOPLIST_KEY_UISupportedInterfaceOrientations_iPad = "UIInterfaceOrientationPortrait UIInterfaceOrientationPortraitUpsideDown UIInterfaceOrientationLandscapeLeft UIInterfaceOrientationLandscapeRight";
				INFOPLIST_KEY_UISupportedInterfaceOrientations_iPhone = "UIInterfaceOrientationPortrait UIInterfaceOrientationLandscapeLeft UIInterfaceOrientationLandscapeRight";
				IPHONEOS_DEPLOYMENT_TARGET = 15.0;
				LD_RUNPATH_SEARCH_PATHS = (
					"$(inherited)",
					"@executable_path/Frameworks",
				);
				MARKETING_VERSION = 1.0;
				PRODUCT_BUNDLE_IDENTIFIER = com.eygsl.cbs.referencemsal;
				PRODUCT_NAME = "$(TARGET_NAME)";
				PROVISIONING_PROFILE_SPECIFIER = "";
				"PROVISIONING_PROFILE_SPECIFIER[sdk=iphoneos*]" = ReferenceMSAL;
				SWIFT_EMIT_LOC_STRINGS = YES;
				SWIFT_VERSION = 5.0;
				TARGETED_DEVICE_FAMILY = "1,2";
			};
			name = Release;
		};
		C383DC10299352E300069FE6 /* Debug */ = {
			isa = XCBuildConfiguration;
			baseConfigurationReference = 811734D019CF040F4E1B8FF3 /* Pods-referencemsalTests.debug.xcconfig */;
			buildSettings = {
				ALWAYS_EMBED_SWIFT_STANDARD_LIBRARIES = YES;
				BUNDLE_LOADER = "$(TEST_HOST)";
				CODE_SIGN_STYLE = Automatic;
				CURRENT_PROJECT_VERSION = 1;
				DEVELOPMENT_TEAM = C5QVF8U483;
				GENERATE_INFOPLIST_FILE = YES;
				IPHONEOS_DEPLOYMENT_TARGET = 16.1;
				MARKETING_VERSION = 1.0;
				PRODUCT_BUNDLE_IDENTIFIER = com.eygsl.cbs.referencemsalTests;
				PRODUCT_NAME = "$(TARGET_NAME)";
				SWIFT_EMIT_LOC_STRINGS = NO;
				SWIFT_VERSION = 5.0;
				TARGETED_DEVICE_FAMILY = "1,2";
				TEST_HOST = "$(BUILT_PRODUCTS_DIR)/referencemsal.app/$(BUNDLE_EXECUTABLE_FOLDER_PATH)/referencemsal";
			};
			name = Debug;
		};
		C383DC11299352E300069FE6 /* Release */ = {
			isa = XCBuildConfiguration;
			baseConfigurationReference = 0FC5DC8340E51B76E6B8FA9D /* Pods-referencemsalTests.release.xcconfig */;
			buildSettings = {
				ALWAYS_EMBED_SWIFT_STANDARD_LIBRARIES = YES;
				BUNDLE_LOADER = "$(TEST_HOST)";
				CODE_SIGN_STYLE = Automatic;
				CURRENT_PROJECT_VERSION = 1;
				DEVELOPMENT_TEAM = C5QVF8U483;
				GENERATE_INFOPLIST_FILE = YES;
				IPHONEOS_DEPLOYMENT_TARGET = 16.1;
				MARKETING_VERSION = 1.0;
				PRODUCT_BUNDLE_IDENTIFIER = com.eygsl.cbs.referencemsalTests;
				PRODUCT_NAME = "$(TARGET_NAME)";
				SWIFT_EMIT_LOC_STRINGS = NO;
				SWIFT_VERSION = 5.0;
				TARGETED_DEVICE_FAMILY = "1,2";
				TEST_HOST = "$(BUILT_PRODUCTS_DIR)/referencemsal.app/$(BUNDLE_EXECUTABLE_FOLDER_PATH)/referencemsal";
			};
			name = Release;
		};
		C383DC13299352E300069FE6 /* Debug */ = {
			isa = XCBuildConfiguration;
			baseConfigurationReference = 4ACC79F4D16398819BFD7F45 /* Pods-referencemsal-referencemsalUITests.debug.xcconfig */;
			buildSettings = {
				ALWAYS_EMBED_SWIFT_STANDARD_LIBRARIES = YES;
				CODE_SIGN_STYLE = Automatic;
				CURRENT_PROJECT_VERSION = 1;
				DEVELOPMENT_TEAM = C5QVF8U483;
				GENERATE_INFOPLIST_FILE = YES;
				MARKETING_VERSION = 1.0;
				PRODUCT_BUNDLE_IDENTIFIER = com.eygsl.cbs.referencemsalUITests;
				PRODUCT_NAME = "$(TARGET_NAME)";
				SWIFT_EMIT_LOC_STRINGS = NO;
				SWIFT_VERSION = 5.0;
				TARGETED_DEVICE_FAMILY = "1,2";
				TEST_TARGET_NAME = referencemsal;
			};
			name = Debug;
		};
		C383DC14299352E300069FE6 /* Release */ = {
			isa = XCBuildConfiguration;
			baseConfigurationReference = C5B7CAB754F0834799150861 /* Pods-referencemsal-referencemsalUITests.release.xcconfig */;
			buildSettings = {
				ALWAYS_EMBED_SWIFT_STANDARD_LIBRARIES = YES;
				CODE_SIGN_STYLE = Automatic;
				CURRENT_PROJECT_VERSION = 1;
				DEVELOPMENT_TEAM = C5QVF8U483;
				GENERATE_INFOPLIST_FILE = YES;
				MARKETING_VERSION = 1.0;
				PRODUCT_BUNDLE_IDENTIFIER = com.eygsl.cbs.referencemsalUITests;
				PRODUCT_NAME = "$(TARGET_NAME)";
				SWIFT_EMIT_LOC_STRINGS = NO;
				SWIFT_VERSION = 5.0;
				TARGETED_DEVICE_FAMILY = "1,2";
				TEST_TARGET_NAME = referencemsal;
			};
			name = Release;
		};
/* End XCBuildConfiguration section */

/* Begin XCConfigurationList section */
		C383DBDD299352E100069FE6 /* Build configuration list for PBXProject "referencemsal" */ = {
			isa = XCConfigurationList;
			buildConfigurations = (
				C383DC0A299352E300069FE6 /* Debug */,
				C383DC0B299352E300069FE6 /* Release */,
			);
			defaultConfigurationIsVisible = 0;
			defaultConfigurationName = Release;
		};
		C383DC0C299352E300069FE6 /* Build configuration list for PBXNativeTarget "referencemsal" */ = {
			isa = XCConfigurationList;
			buildConfigurations = (
				C383DC0D299352E300069FE6 /* Debug */,
				C383DC0E299352E300069FE6 /* Release */,
			);
			defaultConfigurationIsVisible = 0;
			defaultConfigurationName = Release;
		};
		C383DC0F299352E300069FE6 /* Build configuration list for PBXNativeTarget "referencemsalTests" */ = {
			isa = XCConfigurationList;
			buildConfigurations = (
				C383DC10299352E300069FE6 /* Debug */,
				C383DC11299352E300069FE6 /* Release */,
			);
			defaultConfigurationIsVisible = 0;
			defaultConfigurationName = Release;
		};
		C383DC12299352E300069FE6 /* Build configuration list for PBXNativeTarget "referencemsalUITests" */ = {
			isa = XCConfigurationList;
			buildConfigurations = (
				C383DC13299352E300069FE6 /* Debug */,
				C383DC14299352E300069FE6 /* Release */,
			);
			defaultConfigurationIsVisible = 0;
			defaultConfigurationName = Release;
		};
/* End XCConfigurationList section */
	};
	rootObject = C383DBDA299352E100069FE6 /* Project object */;
}
